PODS:
  - JGProgressHUD (2.2)
  - Kingfisher (7.2.1)

DEPENDENCIES:
  - JGProgressHUD
  - Kingfisher

SPEC REPOS:
  trunk:
    - JGProgressHUD
    - Kingfisher

SPEC CHECKSUMS:
  JGProgressHUD: d83d7a981b85d11205e19ff8ad5bb9c40571c847
  Kingfisher: 7c084bebf7d548c623ad41bcf765fb200efed369

PODFILE CHECKSUM: ea59dd308cddaf3dbc95e76b58818ed81f422b58

COCOAPODS: 1.11.2
